// !$*UTF8*$!
{
	archiveVersion = 1;
	classes = {
	};
	objectVersion = 56;
	objects = {

/* Begin PBXBuildFile section */
		A20AC4122BE3A8B700F8FE0D /* UITableViewCell+Identifier.swift in Sources */ = {isa = PBXBuildFile; fileRef = A20AC4112BE3A8B700F8FE0D /* UITableViewCell+Identifier.swift */; };
		A20AC4152BE3AB5800F8FE0D /* UniversityCell.swift in Sources */ = {isa = PBXBuildFile; fileRef = A20AC4132BE3AB5800F8FE0D /* UniversityCell.swift */; };
		A20AC4162BE3AB5800F8FE0D /* UniversityCell.xib in Resources */ = {isa = PBXBuildFile; fileRef = A20AC4142BE3AB5800F8FE0D /* UniversityCell.xib */; };
		A20AC41D2BE3F10F00F8FE0D /* UniversitySharedRepository.swift in Sources */ = {isa = PBXBuildFile; fileRef = A20AC41C2BE3F10F00F8FE0D /* UniversitySharedRepository.swift */; };
		A20AC41F2BE3F1D500F8FE0D /* UniversitySharedRepositoryProtocol.swift in Sources */ = {isa = PBXBuildFile; fileRef = A20AC41E2BE3F1D500F8FE0D /* UniversitySharedRepositoryProtocol.swift */; };
		A20AC43A2BE4023A00F8FE0D /* UniversityDetailsModuleFactory.swift in Sources */ = {isa = PBXBuildFile; fileRef = A20AC4232BE4023A00F8FE0D /* UniversityDetailsModuleFactory.swift */; };
		A20AC43B2BE4023A00F8FE0D /* UniversityDetailsInteractorDataSourceProtocol.swift in Sources */ = {isa = PBXBuildFile; fileRef = A20AC4262BE4023A00F8FE0D /* UniversityDetailsInteractorDataSourceProtocol.swift */; };
		A20AC43C2BE4023A00F8FE0D /* UniversityDetailsInteractorDataSource.swift in Sources */ = {isa = PBXBuildFile; fileRef = A20AC4272BE4023A00F8FE0D /* UniversityDetailsInteractorDataSource.swift */; };
		A20AC43D2BE4023A00F8FE0D /* UniversityDetailsInteractorModuleFactory.swift in Sources */ = {isa = PBXBuildFile; fileRef = A20AC4292BE4023A00F8FE0D /* UniversityDetailsInteractorModuleFactory.swift */; };
		A20AC43E2BE4023A00F8FE0D /* UniversityDetailsInteractorModuleFactoryProtocol.swift in Sources */ = {isa = PBXBuildFile; fileRef = A20AC42A2BE4023A00F8FE0D /* UniversityDetailsInteractorModuleFactoryProtocol.swift */; };
		A20AC43F2BE4023A00F8FE0D /* UniversityDetailsInteractorInput.swift in Sources */ = {isa = PBXBuildFile; fileRef = A20AC42C2BE4023A00F8FE0D /* UniversityDetailsInteractorInput.swift */; };
		A20AC4402BE4023A00F8FE0D /* UniversityDetailsInteractorOutput.swift in Sources */ = {isa = PBXBuildFile; fileRef = A20AC42D2BE4023A00F8FE0D /* UniversityDetailsInteractorOutput.swift */; };
		A20AC4412BE4023A00F8FE0D /* UniversityDetailsInteractor.swift in Sources */ = {isa = PBXBuildFile; fileRef = A20AC42E2BE4023A00F8FE0D /* UniversityDetailsInteractor.swift */; };
		A20AC4422BE4023A00F8FE0D /* UniversityDetailsPresenter.swift in Sources */ = {isa = PBXBuildFile; fileRef = A20AC4312BE4023A00F8FE0D /* UniversityDetailsPresenter.swift */; };
		A20AC4432BE4023A00F8FE0D /* UniversityDetailsPresenterInput.swift in Sources */ = {isa = PBXBuildFile; fileRef = A20AC4322BE4023A00F8FE0D /* UniversityDetailsPresenterInput.swift */; };
		A20AC4442BE4023A00F8FE0D /* UniversityDetailsPresenterOutput.swift in Sources */ = {isa = PBXBuildFile; fileRef = A20AC4332BE4023A00F8FE0D /* UniversityDetailsPresenterOutput.swift */; };
		A20AC4472BE4023A00F8FE0D /* UniversityDetailsRouter.swift in Sources */ = {isa = PBXBuildFile; fileRef = A20AC4382BE4023A00F8FE0D /* UniversityDetailsRouter.swift */; };
		A20AC4482BE4023A00F8FE0D /* UniversityDetailsRouterProtocol.swift in Sources */ = {isa = PBXBuildFile; fileRef = A20AC4392BE4023A00F8FE0D /* UniversityDetailsRouterProtocol.swift */; };
		A20AC44B2BE4039A00F8FE0D /* UniversityDetailsViewController.swift in Sources */ = {isa = PBXBuildFile; fileRef = A20AC4492BE4039A00F8FE0D /* UniversityDetailsViewController.swift */; };
		A20AC44C2BE4039A00F8FE0D /* UniversityDetailsViewController.xib in Resources */ = {isa = PBXBuildFile; fileRef = A20AC44A2BE4039A00F8FE0D /* UniversityDetailsViewController.xib */; };
		A20AC44E2BE46B6500F8FE0D /* PrintIfDebug.swift in Sources */ = {isa = PBXBuildFile; fileRef = A20AC44D2BE46B6500F8FE0D /* PrintIfDebug.swift */; };
		A2E6735C2BE2F00E0072F667 /* AppDelegate.swift in Sources */ = {isa = PBXBuildFile; fileRef = A2E6735B2BE2F00E0072F667 /* AppDelegate.swift */; };
		A2E6735E2BE2F00E0072F667 /* SceneDelegate.swift in Sources */ = {isa = PBXBuildFile; fileRef = A2E6735D2BE2F00E0072F667 /* SceneDelegate.swift */; };
		A2E673652BE2F00F0072F667 /* Assets.xcassets in Resources */ = {isa = PBXBuildFile; fileRef = A2E673642BE2F00F0072F667 /* Assets.xcassets */; };
		A2E673682BE2F00F0072F667 /* LaunchScreen.storyboard in Resources */ = {isa = PBXBuildFile; fileRef = A2E673662BE2F00F0072F667 /* LaunchScreen.storyboard */; };
		A2E673712BE2F0C50072F667 /* BaseAPIRequest.swift in Sources */ = {isa = PBXBuildFile; fileRef = A2E673702BE2F0C50072F667 /* BaseAPIRequest.swift */; };
		A2E673732BE2F0D80072F667 /* APIRequestConfiguration.swift in Sources */ = {isa = PBXBuildFile; fileRef = A2E673722BE2F0D80072F667 /* APIRequestConfiguration.swift */; };
		A2E673762BE2F1A70072F667 /* Dictionary+Extensions.swift in Sources */ = {isa = PBXBuildFile; fileRef = A2E673752BE2F1A70072F667 /* Dictionary+Extensions.swift */; };
		A2E673782BE2F2D20072F667 /* BaseAPIClient.swift in Sources */ = {isa = PBXBuildFile; fileRef = A2E673772BE2F2D20072F667 /* BaseAPIClient.swift */; };
		A2E6737A2BE2F8720072F667 /* SessionDataTaskError.swift in Sources */ = {isa = PBXBuildFile; fileRef = A2E673792BE2F8720072F667 /* SessionDataTaskError.swift */; };
		A2E673842BE2FDA40072F667 /* UniversityNetworkResponse.swift in Sources */ = {isa = PBXBuildFile; fileRef = A2E673832BE2FDA40072F667 /* UniversityNetworkResponse.swift */; };
		A2E673862BE2FE790072F667 /* UniversitiesAPIRequest.swift in Sources */ = {isa = PBXBuildFile; fileRef = A2E673852BE2FE790072F667 /* UniversitiesAPIRequest.swift */; };
		A2E673892BE2FF250072F667 /* UniversitiesAPIClient.swift in Sources */ = {isa = PBXBuildFile; fileRef = A2E673882BE2FF250072F667 /* UniversitiesAPIClient.swift */; };
		A2E6738D2BE30B160072F667 /* UniversitiesRepositoryProtocol.swift in Sources */ = {isa = PBXBuildFile; fileRef = A2E6738C2BE30B160072F667 /* UniversitiesRepositoryProtocol.swift */; };
		A2E6738F2BE30B620072F667 /* UniversitiesRepositoryResponse.swift in Sources */ = {isa = PBXBuildFile; fileRef = A2E6738E2BE30B620072F667 /* UniversitiesRepositoryResponse.swift */; };
		A2E673912BE30C560072F667 /* RepositoryError.swift in Sources */ = {isa = PBXBuildFile; fileRef = A2E673902BE30C560072F667 /* RepositoryError.swift */; };
		A2E673932BE30C9E0072F667 /* UniversitiesRepository.swift in Sources */ = {isa = PBXBuildFile; fileRef = A2E673922BE30C9E0072F667 /* UniversitiesRepository.swift */; };
		A2E673AA2BE310150072F667 /* UniversitiesListInteractorOutput.swift in Sources */ = {isa = PBXBuildFile; fileRef = A2E673962BE310150072F667 /* UniversitiesListInteractorOutput.swift */; };
		A2E673AB2BE310150072F667 /* UniversitiesListPresenter.swift in Sources */ = {isa = PBXBuildFile; fileRef = A2E673972BE310150072F667 /* UniversitiesListPresenter.swift */; };
		A2E673AD2BE310150072F667 /* UniversitiesListInteractorInput.swift in Sources */ = {isa = PBXBuildFile; fileRef = A2E673992BE310150072F667 /* UniversitiesListInteractorInput.swift */; };
		A2E673AF2BE310150072F667 /* UniversitiesListInteractorModuleFactory.swift in Sources */ = {isa = PBXBuildFile; fileRef = A2E6739B2BE310150072F667 /* UniversitiesListInteractorModuleFactory.swift */; };
		A2E673B12BE310150072F667 /* UniversitiesListPresenterInput.swift in Sources */ = {isa = PBXBuildFile; fileRef = A2E6739D2BE310150072F667 /* UniversitiesListPresenterInput.swift */; };
		A2E673B22BE310150072F667 /* UniversitiesListInteractorDataSourceProtocol.swift in Sources */ = {isa = PBXBuildFile; fileRef = A2E6739E2BE310150072F667 /* UniversitiesListInteractorDataSourceProtocol.swift */; };
		A2E673B32BE310150072F667 /* UniversitiesListInteractor.swift in Sources */ = {isa = PBXBuildFile; fileRef = A2E6739F2BE310150072F667 /* UniversitiesListInteractor.swift */; };
		A2E673B42BE310150072F667 /* UniversitiesListPresenterOutput.swift in Sources */ = {isa = PBXBuildFile; fileRef = A2E673A02BE310150072F667 /* UniversitiesListPresenterOutput.swift */; };
		A2E673B62BE310150072F667 /* UniversitiesListInteractorModuleFactoryProtocol.swift in Sources */ = {isa = PBXBuildFile; fileRef = A2E673A22BE310150072F667 /* UniversitiesListInteractorModuleFactoryProtocol.swift */; };
		A2E673B72BE310150072F667 /* UniversitiesListModuleFactory.swift in Sources */ = {isa = PBXBuildFile; fileRef = A2E673A32BE310150072F667 /* UniversitiesListModuleFactory.swift */; };
		A2E673BB2BE310150072F667 /* UniversitiesListInteractorDataSource.swift in Sources */ = {isa = PBXBuildFile; fileRef = A2E673A72BE310150072F667 /* UniversitiesListInteractorDataSource.swift */; };
		A2E673C52BE312450072F667 /* UniversitiesListRouter.swift in Sources */ = {isa = PBXBuildFile; fileRef = A2E673C42BE312450072F667 /* UniversitiesListRouter.swift */; };
		A2E673C72BE312530072F667 /* UniversitiesListRouterProtocol.swift in Sources */ = {isa = PBXBuildFile; fileRef = A2E673C62BE312530072F667 /* UniversitiesListRouterProtocol.swift */; };
		A2E673CA2BE314BA0072F667 /* UniversitiesListViewController.swift in Sources */ = {isa = PBXBuildFile; fileRef = A2E673C82BE314BA0072F667 /* UniversitiesListViewController.swift */; };
		A2E673CB2BE314BA0072F667 /* UniversitiesListViewController.xib in Resources */ = {isa = PBXBuildFile; fileRef = A2E673C92BE314BA0072F667 /* UniversitiesListViewController.xib */; };
		A2E673CD2BE315E70072F667 /* UIViewController+Extension.swift in Sources */ = {isa = PBXBuildFile; fileRef = A2E673CC2BE315E70072F667 /* UIViewController+Extension.swift */; };
/* End PBXBuildFile section */

/* Begin PBXFileReference section */
		A20AC4112BE3A8B700F8FE0D /* UITableViewCell+Identifier.swift */ = {isa = PBXFileReference; lastKnownFileType = sourcecode.swift; path = "UITableViewCell+Identifier.swift"; sourceTree = "<group>"; };
		A20AC4132BE3AB5800F8FE0D /* UniversityCell.swift */ = {isa = PBXFileReference; lastKnownFileType = sourcecode.swift; path = UniversityCell.swift; sourceTree = "<group>"; };
		A20AC4142BE3AB5800F8FE0D /* UniversityCell.xib */ = {isa = PBXFileReference; lastKnownFileType = file.xib; path = UniversityCell.xib; sourceTree = "<group>"; };
		A20AC41C2BE3F10F00F8FE0D /* UniversitySharedRepository.swift */ = {isa = PBXFileReference; lastKnownFileType = sourcecode.swift; path = UniversitySharedRepository.swift; sourceTree = "<group>"; };
		A20AC41E2BE3F1D500F8FE0D /* UniversitySharedRepositoryProtocol.swift */ = {isa = PBXFileReference; lastKnownFileType = sourcecode.swift; path = UniversitySharedRepositoryProtocol.swift; sourceTree = "<group>"; };
		A20AC4232BE4023A00F8FE0D /* UniversityDetailsModuleFactory.swift */ = {isa = PBXFileReference; fileEncoding = 4; lastKnownFileType = sourcecode.swift; path = UniversityDetailsModuleFactory.swift; sourceTree = "<group>"; };
		A20AC4262BE4023A00F8FE0D /* UniversityDetailsInteractorDataSourceProtocol.swift */ = {isa = PBXFileReference; fileEncoding = 4; lastKnownFileType = sourcecode.swift; path = UniversityDetailsInteractorDataSourceProtocol.swift; sourceTree = "<group>"; };
		A20AC4272BE4023A00F8FE0D /* UniversityDetailsInteractorDataSource.swift */ = {isa = PBXFileReference; fileEncoding = 4; lastKnownFileType = sourcecode.swift; path = UniversityDetailsInteractorDataSource.swift; sourceTree = "<group>"; };
		A20AC4292BE4023A00F8FE0D /* UniversityDetailsInteractorModuleFactory.swift */ = {isa = PBXFileReference; fileEncoding = 4; lastKnownFileType = sourcecode.swift; path = UniversityDetailsInteractorModuleFactory.swift; sourceTree = "<group>"; };
		A20AC42A2BE4023A00F8FE0D /* UniversityDetailsInteractorModuleFactoryProtocol.swift */ = {isa = PBXFileReference; fileEncoding = 4; lastKnownFileType = sourcecode.swift; path = UniversityDetailsInteractorModuleFactoryProtocol.swift; sourceTree = "<group>"; };
		A20AC42C2BE4023A00F8FE0D /* UniversityDetailsInteractorInput.swift */ = {isa = PBXFileReference; fileEncoding = 4; lastKnownFileType = sourcecode.swift; path = UniversityDetailsInteractorInput.swift; sourceTree = "<group>"; };
		A20AC42D2BE4023A00F8FE0D /* UniversityDetailsInteractorOutput.swift */ = {isa = PBXFileReference; fileEncoding = 4; lastKnownFileType = sourcecode.swift; path = UniversityDetailsInteractorOutput.swift; sourceTree = "<group>"; };
		A20AC42E2BE4023A00F8FE0D /* UniversityDetailsInteractor.swift */ = {isa = PBXFileReference; fileEncoding = 4; lastKnownFileType = sourcecode.swift; path = UniversityDetailsInteractor.swift; sourceTree = "<group>"; };
		A20AC4312BE4023A00F8FE0D /* UniversityDetailsPresenter.swift */ = {isa = PBXFileReference; fileEncoding = 4; lastKnownFileType = sourcecode.swift; path = UniversityDetailsPresenter.swift; sourceTree = "<group>"; };
		A20AC4322BE4023A00F8FE0D /* UniversityDetailsPresenterInput.swift */ = {isa = PBXFileReference; fileEncoding = 4; lastKnownFileType = sourcecode.swift; path = UniversityDetailsPresenterInput.swift; sourceTree = "<group>"; };
		A20AC4332BE4023A00F8FE0D /* UniversityDetailsPresenterOutput.swift */ = {isa = PBXFileReference; fileEncoding = 4; lastKnownFileType = sourcecode.swift; path = UniversityDetailsPresenterOutput.swift; sourceTree = "<group>"; };
		A20AC4382BE4023A00F8FE0D /* UniversityDetailsRouter.swift */ = {isa = PBXFileReference; fileEncoding = 4; lastKnownFileType = sourcecode.swift; path = UniversityDetailsRouter.swift; sourceTree = "<group>"; };
		A20AC4392BE4023A00F8FE0D /* UniversityDetailsRouterProtocol.swift */ = {isa = PBXFileReference; fileEncoding = 4; lastKnownFileType = sourcecode.swift; path = UniversityDetailsRouterProtocol.swift; sourceTree = "<group>"; };
		A20AC4492BE4039A00F8FE0D /* UniversityDetailsViewController.swift */ = {isa = PBXFileReference; lastKnownFileType = sourcecode.swift; path = UniversityDetailsViewController.swift; sourceTree = "<group>"; };
		A20AC44A2BE4039A00F8FE0D /* UniversityDetailsViewController.xib */ = {isa = PBXFileReference; lastKnownFileType = file.xib; path = UniversityDetailsViewController.xib; sourceTree = "<group>"; };
		A20AC44D2BE46B6500F8FE0D /* PrintIfDebug.swift */ = {isa = PBXFileReference; lastKnownFileType = sourcecode.swift; path = PrintIfDebug.swift; sourceTree = "<group>"; };
		A2E673582BE2F00E0072F667 /* Invade-Task-VIPER.app */ = {isa = PBXFileReference; explicitFileType = wrapper.application; includeInIndex = 0; path = "Invade-Task-VIPER.app"; sourceTree = BUILT_PRODUCTS_DIR; };
		A2E6735B2BE2F00E0072F667 /* AppDelegate.swift */ = {isa = PBXFileReference; lastKnownFileType = sourcecode.swift; path = AppDelegate.swift; sourceTree = "<group>"; };
		A2E6735D2BE2F00E0072F667 /* SceneDelegate.swift */ = {isa = PBXFileReference; lastKnownFileType = sourcecode.swift; path = SceneDelegate.swift; sourceTree = "<group>"; };
		A2E673642BE2F00F0072F667 /* Assets.xcassets */ = {isa = PBXFileReference; lastKnownFileType = folder.assetcatalog; path = Assets.xcassets; sourceTree = "<group>"; };
		A2E673672BE2F00F0072F667 /* Base */ = {isa = PBXFileReference; lastKnownFileType = file.storyboard; name = Base; path = Base.lproj/LaunchScreen.storyboard; sourceTree = "<group>"; };
		A2E673692BE2F00F0072F667 /* Info.plist */ = {isa = PBXFileReference; lastKnownFileType = text.plist.xml; path = Info.plist; sourceTree = "<group>"; };
		A2E673702BE2F0C50072F667 /* BaseAPIRequest.swift */ = {isa = PBXFileReference; lastKnownFileType = sourcecode.swift; path = BaseAPIRequest.swift; sourceTree = "<group>"; };
		A2E673722BE2F0D80072F667 /* APIRequestConfiguration.swift */ = {isa = PBXFileReference; lastKnownFileType = sourcecode.swift; path = APIRequestConfiguration.swift; sourceTree = "<group>"; };
		A2E673752BE2F1A70072F667 /* Dictionary+Extensions.swift */ = {isa = PBXFileReference; lastKnownFileType = sourcecode.swift; path = "Dictionary+Extensions.swift"; sourceTree = "<group>"; };
		A2E673772BE2F2D20072F667 /* BaseAPIClient.swift */ = {isa = PBXFileReference; lastKnownFileType = sourcecode.swift; path = BaseAPIClient.swift; sourceTree = "<group>"; };
		A2E673792BE2F8720072F667 /* SessionDataTaskError.swift */ = {isa = PBXFileReference; lastKnownFileType = sourcecode.swift; path = SessionDataTaskError.swift; sourceTree = "<group>"; };
		A2E673832BE2FDA40072F667 /* UniversityNetworkResponse.swift */ = {isa = PBXFileReference; lastKnownFileType = sourcecode.swift; path = UniversityNetworkResponse.swift; sourceTree = "<group>"; };
		A2E673852BE2FE790072F667 /* UniversitiesAPIRequest.swift */ = {isa = PBXFileReference; lastKnownFileType = sourcecode.swift; path = UniversitiesAPIRequest.swift; sourceTree = "<group>"; };
		A2E673882BE2FF250072F667 /* UniversitiesAPIClient.swift */ = {isa = PBXFileReference; lastKnownFileType = sourcecode.swift; path = UniversitiesAPIClient.swift; sourceTree = "<group>"; };
		A2E6738C2BE30B160072F667 /* UniversitiesRepositoryProtocol.swift */ = {isa = PBXFileReference; lastKnownFileType = sourcecode.swift; path = UniversitiesRepositoryProtocol.swift; sourceTree = "<group>"; };
		A2E6738E2BE30B620072F667 /* UniversitiesRepositoryResponse.swift */ = {isa = PBXFileReference; lastKnownFileType = sourcecode.swift; path = UniversitiesRepositoryResponse.swift; sourceTree = "<group>"; };
		A2E673902BE30C560072F667 /* RepositoryError.swift */ = {isa = PBXFileReference; lastKnownFileType = sourcecode.swift; path = RepositoryError.swift; sourceTree = "<group>"; };
		A2E673922BE30C9E0072F667 /* UniversitiesRepository.swift */ = {isa = PBXFileReference; lastKnownFileType = sourcecode.swift; path = UniversitiesRepository.swift; sourceTree = "<group>"; };
		A2E673962BE310150072F667 /* UniversitiesListInteractorOutput.swift */ = {isa = PBXFileReference; lastKnownFileType = sourcecode.swift; path = UniversitiesListInteractorOutput.swift; sourceTree = "<group>"; };
		A2E673972BE310150072F667 /* UniversitiesListPresenter.swift */ = {isa = PBXFileReference; lastKnownFileType = sourcecode.swift; path = UniversitiesListPresenter.swift; sourceTree = "<group>"; };
		A2E673992BE310150072F667 /* UniversitiesListInteractorInput.swift */ = {isa = PBXFileReference; lastKnownFileType = sourcecode.swift; path = UniversitiesListInteractorInput.swift; sourceTree = "<group>"; };
		A2E6739B2BE310150072F667 /* UniversitiesListInteractorModuleFactory.swift */ = {isa = PBXFileReference; lastKnownFileType = sourcecode.swift; path = UniversitiesListInteractorModuleFactory.swift; sourceTree = "<group>"; };
		A2E6739D2BE310150072F667 /* UniversitiesListPresenterInput.swift */ = {isa = PBXFileReference; lastKnownFileType = sourcecode.swift; path = UniversitiesListPresenterInput.swift; sourceTree = "<group>"; };
		A2E6739E2BE310150072F667 /* UniversitiesListInteractorDataSourceProtocol.swift */ = {isa = PBXFileReference; lastKnownFileType = sourcecode.swift; path = UniversitiesListInteractorDataSourceProtocol.swift; sourceTree = "<group>"; };
		A2E6739F2BE310150072F667 /* UniversitiesListInteractor.swift */ = {isa = PBXFileReference; lastKnownFileType = sourcecode.swift; path = UniversitiesListInteractor.swift; sourceTree = "<group>"; };
		A2E673A02BE310150072F667 /* UniversitiesListPresenterOutput.swift */ = {isa = PBXFileReference; lastKnownFileType = sourcecode.swift; path = UniversitiesListPresenterOutput.swift; sourceTree = "<group>"; };
		A2E673A22BE310150072F667 /* UniversitiesListInteractorModuleFactoryProtocol.swift */ = {isa = PBXFileReference; lastKnownFileType = sourcecode.swift; path = UniversitiesListInteractorModuleFactoryProtocol.swift; sourceTree = "<group>"; };
		A2E673A32BE310150072F667 /* UniversitiesListModuleFactory.swift */ = {isa = PBXFileReference; lastKnownFileType = sourcecode.swift; path = UniversitiesListModuleFactory.swift; sourceTree = "<group>"; };
		A2E673A72BE310150072F667 /* UniversitiesListInteractorDataSource.swift */ = {isa = PBXFileReference; lastKnownFileType = sourcecode.swift; path = UniversitiesListInteractorDataSource.swift; sourceTree = "<group>"; };
		A2E673C42BE312450072F667 /* UniversitiesListRouter.swift */ = {isa = PBXFileReference; lastKnownFileType = sourcecode.swift; path = UniversitiesListRouter.swift; sourceTree = "<group>"; };
		A2E673C62BE312530072F667 /* UniversitiesListRouterProtocol.swift */ = {isa = PBXFileReference; lastKnownFileType = sourcecode.swift; path = UniversitiesListRouterProtocol.swift; sourceTree = "<group>"; };
		A2E673C82BE314BA0072F667 /* UniversitiesListViewController.swift */ = {isa = PBXFileReference; lastKnownFileType = sourcecode.swift; path = UniversitiesListViewController.swift; sourceTree = "<group>"; };
		A2E673C92BE314BA0072F667 /* UniversitiesListViewController.xib */ = {isa = PBXFileReference; lastKnownFileType = file.xib; path = UniversitiesListViewController.xib; sourceTree = "<group>"; };
		A2E673CC2BE315E70072F667 /* UIViewController+Extension.swift */ = {isa = PBXFileReference; lastKnownFileType = sourcecode.swift; path = "UIViewController+Extension.swift"; sourceTree = "<group>"; };
/* End PBXFileReference section */

/* Begin PBXFrameworksBuildPhase section */
		A2E673552BE2F00E0072F667 /* Frameworks */ = {
			isa = PBXFrameworksBuildPhase;
			buildActionMask = 2147483647;
			files = (
			);
			runOnlyForDeploymentPostprocessing = 0;
		};
/* End PBXFrameworksBuildPhase section */

/* Begin PBXGroup section */
		A20AC4102BE3A89100F8FE0D /* Cells */ = {
			isa = PBXGroup;
			children = (
				A20AC4132BE3AB5800F8FE0D /* UniversityCell.swift */,
				A20AC4142BE3AB5800F8FE0D /* UniversityCell.xib */,
			);
			path = Cells;
			sourceTree = "<group>";
		};
		A20AC41B2BE3F0A100F8FE0D /* SharedRepository */ = {
			isa = PBXGroup;
			children = (
				A20AC41C2BE3F10F00F8FE0D /* UniversitySharedRepository.swift */,
				A20AC41E2BE3F1D500F8FE0D /* UniversitySharedRepositoryProtocol.swift */,
			);
			path = SharedRepository;
			sourceTree = "<group>";
		};
		A20AC4222BE4023A00F8FE0D /* UniversityDetails */ = {
			isa = PBXGroup;
			children = (
				A20AC4232BE4023A00F8FE0D /* UniversityDetailsModuleFactory.swift */,
				A20AC4242BE4023A00F8FE0D /* Domain */,
				A20AC42F2BE4023A00F8FE0D /* Presentation */,
			);
			path = UniversityDetails;
			sourceTree = "<group>";
		};
		A20AC4242BE4023A00F8FE0D /* Domain */ = {
			isa = PBXGroup;
			children = (
				A20AC4252BE4023A00F8FE0D /* DataSource */,
				A20AC4282BE4023A00F8FE0D /* InteractorFactory */,
				A20AC42B2BE4023A00F8FE0D /* Interactor */,
			);
			path = Domain;
			sourceTree = "<group>";
		};
		A20AC4252BE4023A00F8FE0D /* DataSource */ = {
			isa = PBXGroup;
			children = (
				A20AC4262BE4023A00F8FE0D /* UniversityDetailsInteractorDataSourceProtocol.swift */,
				A20AC4272BE4023A00F8FE0D /* UniversityDetailsInteractorDataSource.swift */,
			);
			path = DataSource;
			sourceTree = "<group>";
		};
		A20AC4282BE4023A00F8FE0D /* InteractorFactory */ = {
			isa = PBXGroup;
			children = (
				A20AC4292BE4023A00F8FE0D /* UniversityDetailsInteractorModuleFactory.swift */,
				A20AC42A2BE4023A00F8FE0D /* UniversityDetailsInteractorModuleFactoryProtocol.swift */,
			);
			path = InteractorFactory;
			sourceTree = "<group>";
		};
		A20AC42B2BE4023A00F8FE0D /* Interactor */ = {
			isa = PBXGroup;
			children = (
				A20AC42C2BE4023A00F8FE0D /* UniversityDetailsInteractorInput.swift */,
				A20AC42D2BE4023A00F8FE0D /* UniversityDetailsInteractorOutput.swift */,
				A20AC42E2BE4023A00F8FE0D /* UniversityDetailsInteractor.swift */,
			);
			path = Interactor;
			sourceTree = "<group>";
		};
		A20AC42F2BE4023A00F8FE0D /* Presentation */ = {
			isa = PBXGroup;
			children = (
				A20AC4302BE4023A00F8FE0D /* Presenter */,
				A20AC4342BE4023A00F8FE0D /* Views */,
				A20AC4372BE4023A00F8FE0D /* Router */,
			);
			path = Presentation;
			sourceTree = "<group>";
		};
		A20AC4302BE4023A00F8FE0D /* Presenter */ = {
			isa = PBXGroup;
			children = (
				A20AC4312BE4023A00F8FE0D /* UniversityDetailsPresenter.swift */,
				A20AC4322BE4023A00F8FE0D /* UniversityDetailsPresenterInput.swift */,
				A20AC4332BE4023A00F8FE0D /* UniversityDetailsPresenterOutput.swift */,
			);
			path = Presenter;
			sourceTree = "<group>";
		};
		A20AC4342BE4023A00F8FE0D /* Views */ = {
			isa = PBXGroup;
			children = (
				A20AC4492BE4039A00F8FE0D /* UniversityDetailsViewController.swift */,
				A20AC44A2BE4039A00F8FE0D /* UniversityDetailsViewController.xib */,
			);
			path = Views;
			sourceTree = "<group>";
		};
		A20AC4372BE4023A00F8FE0D /* Router */ = {
			isa = PBXGroup;
			children = (
				A20AC4382BE4023A00F8FE0D /* UniversityDetailsRouter.swift */,
				A20AC4392BE4023A00F8FE0D /* UniversityDetailsRouterProtocol.swift */,
			);
			path = Router;
			sourceTree = "<group>";
		};
		A2E6734F2BE2F00E0072F667 = {
			isa = PBXGroup;
			children = (
				A2E6735A2BE2F00E0072F667 /* Invade-Task-VIPER */,
				A2E673592BE2F00E0072F667 /* Products */,
			);
			sourceTree = "<group>";
		};
		A2E673592BE2F00E0072F667 /* Products */ = {
			isa = PBXGroup;
			children = (
				A2E673582BE2F00E0072F667 /* Invade-Task-VIPER.app */,
			);
			name = Products;
			sourceTree = "<group>";
		};
		A2E6735A2BE2F00E0072F667 /* Invade-Task-VIPER */ = {
			isa = PBXGroup;
			children = (
				A2E6736F2BE2F0260072F667 /* Network */,
				A20AC41B2BE3F0A100F8FE0D /* SharedRepository */,
				A2E673802BE2FD110072F667 /* Modules */,
				A2E6735B2BE2F00E0072F667 /* AppDelegate.swift */,
				A2E6735D2BE2F00E0072F667 /* SceneDelegate.swift */,
				A2E673742BE2F1990072F667 /* Extensions */,
				A2E673642BE2F00F0072F667 /* Assets.xcassets */,
				A2E673662BE2F00F0072F667 /* LaunchScreen.storyboard */,
				A2E673692BE2F00F0072F667 /* Info.plist */,
			);
			path = "Invade-Task-VIPER";
			sourceTree = "<group>";
		};
		A2E6736F2BE2F0260072F667 /* Network */ = {
			isa = PBXGroup;
			children = (
				A2E6737B2BE2F8A90072F667 /* Base */,
				A2E6737C2BE2F8B50072F667 /* Configuration */,
				A2E6737D2BE2F8C00072F667 /* Errors */,
			);
			path = Network;
			sourceTree = "<group>";
		};
		A2E673742BE2F1990072F667 /* Extensions */ = {
			isa = PBXGroup;
			children = (
				A2E673752BE2F1A70072F667 /* Dictionary+Extensions.swift */,
				A20AC4112BE3A8B700F8FE0D /* UITableViewCell+Identifier.swift */,
				A2E673CC2BE315E70072F667 /* UIViewController+Extension.swift */,
				A20AC44D2BE46B6500F8FE0D /* PrintIfDebug.swift */,
			);
			path = Extensions;
			sourceTree = "<group>";
		};
		A2E6737B2BE2F8A90072F667 /* Base */ = {
			isa = PBXGroup;
			children = (
				A2E673702BE2F0C50072F667 /* BaseAPIRequest.swift */,
				A2E673772BE2F2D20072F667 /* BaseAPIClient.swift */,
			);
			path = Base;
			sourceTree = "<group>";
		};
		A2E6737C2BE2F8B50072F667 /* Configuration */ = {
			isa = PBXGroup;
			children = (
				A2E673722BE2F0D80072F667 /* APIRequestConfiguration.swift */,
			);
			path = Configuration;
			sourceTree = "<group>";
		};
		A2E6737D2BE2F8C00072F667 /* Errors */ = {
			isa = PBXGroup;
			children = (
				A2E673792BE2F8720072F667 /* SessionDataTaskError.swift */,
			);
			path = Errors;
			sourceTree = "<group>";
		};
		A2E673802BE2FD110072F667 /* Modules */ = {
			isa = PBXGroup;
			children = (
				A2E673812BE2FD200072F667 /* UniversitiesList */,
				A20AC4222BE4023A00F8FE0D /* UniversityDetails */,
			);
			path = Modules;
			sourceTree = "<group>";
		};
		A2E673812BE2FD200072F667 /* UniversitiesList */ = {
			isa = PBXGroup;
			children = (
				A2E673A32BE310150072F667 /* UniversitiesListModuleFactory.swift */,
				A2E673822BE2FD420072F667 /* Data */,
				A2E673BC2BE310430072F667 /* Domain */,
				A2E673BD2BE310650072F667 /* Presentation */,
			);
			path = UniversitiesList;
			sourceTree = "<group>";
		};
		A2E673822BE2FD420072F667 /* Data */ = {
			isa = PBXGroup;
			children = (
				A2E6738A2BE3015E0072F667 /* Request */,
				A2E673872BE2FEC70072F667 /* Response */,
				A2E6738B2BE301710072F667 /* Repository */,
			);
			path = Data;
			sourceTree = "<group>";
		};
		A2E673872BE2FEC70072F667 /* Response */ = {
			isa = PBXGroup;
			children = (
				A2E673832BE2FDA40072F667 /* UniversityNetworkResponse.swift */,
			);
			path = Response;
			sourceTree = "<group>";
		};
		A2E6738A2BE3015E0072F667 /* Request */ = {
			isa = PBXGroup;
			children = (
				A2E673852BE2FE790072F667 /* UniversitiesAPIRequest.swift */,
				A2E673882BE2FF250072F667 /* UniversitiesAPIClient.swift */,
			);
			path = Request;
			sourceTree = "<group>";
		};
		A2E6738B2BE301710072F667 /* Repository */ = {
			isa = PBXGroup;
			children = (
				A2E673902BE30C560072F667 /* RepositoryError.swift */,
				A2E673922BE30C9E0072F667 /* UniversitiesRepository.swift */,
				A2E6738C2BE30B160072F667 /* UniversitiesRepositoryProtocol.swift */,
				A2E6738E2BE30B620072F667 /* UniversitiesRepositoryResponse.swift */,
			);
			path = Repository;
			sourceTree = "<group>";
		};
		A2E673BC2BE310430072F667 /* Domain */ = {
			isa = PBXGroup;
			children = (
				A2E673C02BE310E00072F667 /* InteractorFactory */,
				A2E673BF2BE310D20072F667 /* DataSource */,
				A2E673BE2BE310C30072F667 /* Interactor */,
			);
			path = Domain;
			sourceTree = "<group>";
		};
		A2E673BD2BE310650072F667 /* Presentation */ = {
			isa = PBXGroup;
			children = (
				A2E673C12BE3111C0072F667 /* Presenter */,
				A2E673C22BE3112E0072F667 /* Views */,
				A2E673C32BE3122F0072F667 /* Router */,
			);
			path = Presentation;
			sourceTree = "<group>";
		};
		A2E673BE2BE310C30072F667 /* Interactor */ = {
			isa = PBXGroup;
			children = (
				A2E673962BE310150072F667 /* UniversitiesListInteractorOutput.swift */,
				A2E673992BE310150072F667 /* UniversitiesListInteractorInput.swift */,
				A2E6739F2BE310150072F667 /* UniversitiesListInteractor.swift */,
			);
			path = Interactor;
			sourceTree = "<group>";
		};
		A2E673BF2BE310D20072F667 /* DataSource */ = {
			isa = PBXGroup;
			children = (
				A2E6739E2BE310150072F667 /* UniversitiesListInteractorDataSourceProtocol.swift */,
				A2E673A72BE310150072F667 /* UniversitiesListInteractorDataSource.swift */,
			);
			path = DataSource;
			sourceTree = "<group>";
		};
		A2E673C02BE310E00072F667 /* InteractorFactory */ = {
			isa = PBXGroup;
			children = (
				A2E673A22BE310150072F667 /* UniversitiesListInteractorModuleFactoryProtocol.swift */,
				A2E6739B2BE310150072F667 /* UniversitiesListInteractorModuleFactory.swift */,
			);
			path = InteractorFactory;
			sourceTree = "<group>";
		};
		A2E673C12BE3111C0072F667 /* Presenter */ = {
			isa = PBXGroup;
			children = (
				A2E673972BE310150072F667 /* UniversitiesListPresenter.swift */,
				A2E6739D2BE310150072F667 /* UniversitiesListPresenterInput.swift */,
				A2E673A02BE310150072F667 /* UniversitiesListPresenterOutput.swift */,
			);
			path = Presenter;
			sourceTree = "<group>";
		};
		A2E673C22BE3112E0072F667 /* Views */ = {
			isa = PBXGroup;
			children = (
				A2E673C82BE314BA0072F667 /* UniversitiesListViewController.swift */,
				A2E673C92BE314BA0072F667 /* UniversitiesListViewController.xib */,
				A20AC4102BE3A89100F8FE0D /* Cells */,
			);
			path = Views;
			sourceTree = "<group>";
		};
		A2E673C32BE3122F0072F667 /* Router */ = {
			isa = PBXGroup;
			children = (
				A2E673C42BE312450072F667 /* UniversitiesListRouter.swift */,
				A2E673C62BE312530072F667 /* UniversitiesListRouterProtocol.swift */,
			);
			path = Router;
			sourceTree = "<group>";
		};
/* End PBXGroup section */

/* Begin PBXNativeTarget section */
		A2E673572BE2F00E0072F667 /* Invade-Task-VIPER */ = {
			isa = PBXNativeTarget;
			buildConfigurationList = A2E6736C2BE2F00F0072F667 /* Build configuration list for PBXNativeTarget "Invade-Task-VIPER" */;
			buildPhases = (
				A2E673542BE2F00E0072F667 /* Sources */,
				A2E673552BE2F00E0072F667 /* Frameworks */,
				A2E673562BE2F00E0072F667 /* Resources */,
			);
			buildRules = (
			);
			dependencies = (
			);
			name = "Invade-Task-VIPER";
			productName = "Invade-Task-VIPER";
			productReference = A2E673582BE2F00E0072F667 /* Invade-Task-VIPER.app */;
			productType = "com.apple.product-type.application";
		};
/* End PBXNativeTarget section */

/* Begin PBXProject section */
		A2E673502BE2F00E0072F667 /* Project object */ = {
			isa = PBXProject;
			attributes = {
				BuildIndependentTargetsInParallel = 1;
				LastSwiftUpdateCheck = 1510;
				LastUpgradeCheck = 1510;
				TargetAttributes = {
					A2E673572BE2F00E0072F667 = {
						CreatedOnToolsVersion = 15.1;
					};
				};
			};
			buildConfigurationList = A2E673532BE2F00E0072F667 /* Build configuration list for PBXProject "Invade-Task-VIPER" */;
			compatibilityVersion = "Xcode 14.0";
			developmentRegion = en;
			hasScannedForEncodings = 0;
			knownRegions = (
				en,
				Base,
			);
			mainGroup = A2E6734F2BE2F00E0072F667;
			productRefGroup = A2E673592BE2F00E0072F667 /* Products */;
			projectDirPath = "";
			projectRoot = "";
			targets = (
				A2E673572BE2F00E0072F667 /* Invade-Task-VIPER */,
			);
		};
/* End PBXProject section */

/* Begin PBXResourcesBuildPhase section */
		A2E673562BE2F00E0072F667 /* Resources */ = {
			isa = PBXResourcesBuildPhase;
			buildActionMask = 2147483647;
			files = (
				A2E673682BE2F00F0072F667 /* LaunchScreen.storyboard in Resources */,
				A2E673652BE2F00F0072F667 /* Assets.xcassets in Resources */,
				A20AC44C2BE4039A00F8FE0D /* UniversityDetailsViewController.xib in Resources */,
				A20AC4162BE3AB5800F8FE0D /* UniversityCell.xib in Resources */,
				A2E673CB2BE314BA0072F667 /* UniversitiesListViewController.xib in Resources */,
			);
			runOnlyForDeploymentPostprocessing = 0;
		};
/* End PBXResourcesBuildPhase section */

/* Begin PBXSourcesBuildPhase section */
		A2E673542BE2F00E0072F667 /* Sources */ = {
			isa = PBXSourcesBuildPhase;
			buildActionMask = 2147483647;
			files = (
				A2E673892BE2FF250072F667 /* UniversitiesAPIClient.swift in Sources */,
				A20AC4432BE4023A00F8FE0D /* UniversityDetailsPresenterInput.swift in Sources */,
				A20AC4442BE4023A00F8FE0D /* UniversityDetailsPresenterOutput.swift in Sources */,
				A2E673AF2BE310150072F667 /* UniversitiesListInteractorModuleFactory.swift in Sources */,
				A2E6737A2BE2F8720072F667 /* SessionDataTaskError.swift in Sources */,
				A2E673B12BE310150072F667 /* UniversitiesListPresenterInput.swift in Sources */,
				A20AC4422BE4023A00F8FE0D /* UniversityDetailsPresenter.swift in Sources */,
				A2E673AA2BE310150072F667 /* UniversitiesListInteractorOutput.swift in Sources */,
				A2E673C52BE312450072F667 /* UniversitiesListRouter.swift in Sources */,
				A2E673B42BE310150072F667 /* UniversitiesListPresenterOutput.swift in Sources */,
				A20AC43A2BE4023A00F8FE0D /* UniversityDetailsModuleFactory.swift in Sources */,
				A2E673842BE2FDA40072F667 /* UniversityNetworkResponse.swift in Sources */,
				A20AC4482BE4023A00F8FE0D /* UniversityDetailsRouterProtocol.swift in Sources */,
				A20AC41D2BE3F10F00F8FE0D /* UniversitySharedRepository.swift in Sources */,
				A2E673712BE2F0C50072F667 /* BaseAPIRequest.swift in Sources */,
				A2E673CA2BE314BA0072F667 /* UniversitiesListViewController.swift in Sources */,
				A2E673912BE30C560072F667 /* RepositoryError.swift in Sources */,
				A2E673782BE2F2D20072F667 /* BaseAPIClient.swift in Sources */,
				A2E673C72BE312530072F667 /* UniversitiesListRouterProtocol.swift in Sources */,
				A2E673B32BE310150072F667 /* UniversitiesListInteractor.swift in Sources */,
				A2E6738F2BE30B620072F667 /* UniversitiesRepositoryResponse.swift in Sources */,
				A20AC43B2BE4023A00F8FE0D /* UniversityDetailsInteractorDataSourceProtocol.swift in Sources */,
				A2E673B62BE310150072F667 /* UniversitiesListInteractorModuleFactoryProtocol.swift in Sources */,
				A20AC4152BE3AB5800F8FE0D /* UniversityCell.swift in Sources */,
				A20AC43C2BE4023A00F8FE0D /* UniversityDetailsInteractorDataSource.swift in Sources */,
				A2E673B72BE310150072F667 /* UniversitiesListModuleFactory.swift in Sources */,
				A2E673CD2BE315E70072F667 /* UIViewController+Extension.swift in Sources */,
				A2E673732BE2F0D80072F667 /* APIRequestConfiguration.swift in Sources */,
				A20AC4122BE3A8B700F8FE0D /* UITableViewCell+Identifier.swift in Sources */,
				A2E6738D2BE30B160072F667 /* UniversitiesRepositoryProtocol.swift in Sources */,
				A20AC43D2BE4023A00F8FE0D /* UniversityDetailsInteractorModuleFactory.swift in Sources */,
				A20AC44B2BE4039A00F8FE0D /* UniversityDetailsViewController.swift in Sources */,
				A20AC44E2BE46B6500F8FE0D /* PrintIfDebug.swift in Sources */,
				A2E673AB2BE310150072F667 /* UniversitiesListPresenter.swift in Sources */,
				A2E6735C2BE2F00E0072F667 /* AppDelegate.swift in Sources */,
				A2E673B22BE310150072F667 /* UniversitiesListInteractorDataSourceProtocol.swift in Sources */,
				A2E673BB2BE310150072F667 /* UniversitiesListInteractorDataSource.swift in Sources */,
				A20AC4472BE4023A00F8FE0D /* UniversityDetailsRouter.swift in Sources */,
				A20AC43F2BE4023A00F8FE0D /* UniversityDetailsInteractorInput.swift in Sources */,
				A2E673AD2BE310150072F667 /* UniversitiesListInteractorInput.swift in Sources */,
				A20AC41F2BE3F1D500F8FE0D /* UniversitySharedRepositoryProtocol.swift in Sources */,
				A2E6735E2BE2F00E0072F667 /* SceneDelegate.swift in Sources */,
				A20AC43E2BE4023A00F8FE0D /* UniversityDetailsInteractorModuleFactoryProtocol.swift in Sources */,
				A2E673862BE2FE790072F667 /* UniversitiesAPIRequest.swift in Sources */,
				A2E673762BE2F1A70072F667 /* Dictionary+Extensions.swift in Sources */,
				A20AC4412BE4023A00F8FE0D /* UniversityDetailsInteractor.swift in Sources */,
				A20AC4402BE4023A00F8FE0D /* UniversityDetailsInteractorOutput.swift in Sources */,
				A2E673932BE30C9E0072F667 /* UniversitiesRepository.swift in Sources */,
			);
			runOnlyForDeploymentPostprocessing = 0;
		};
/* End PBXSourcesBuildPhase section */

/* Begin PBXVariantGroup section */
		A2E673662BE2F00F0072F667 /* LaunchScreen.storyboard */ = {
			isa = PBXVariantGroup;
			children = (
				A2E673672BE2F00F0072F667 /* Base */,
			);
			name = LaunchScreen.storyboard;
			sourceTree = "<group>";
		};
/* End PBXVariantGroup section */

/* Begin XCBuildConfiguration section */
		A2E6736A2BE2F00F0072F667 /* Debug */ = {
			isa = XCBuildConfiguration;
			buildSettings = {
				ALWAYS_SEARCH_USER_PATHS = NO;
				ASSETCATALOG_COMPILER_GENERATE_SWIFT_ASSET_SYMBOL_EXTENSIONS = YES;
				CLANG_ANALYZER_NONNULL = YES;
				CLANG_ANALYZER_NUMBER_OBJECT_CONVERSION = YES_AGGRESSIVE;
				CLANG_CXX_LANGUAGE_STANDARD = "gnu++20";
				CLANG_ENABLE_MODULES = YES;
				CLANG_ENABLE_OBJC_ARC = YES;
				CLANG_ENABLE_OBJC_WEAK = YES;
				CLANG_WARN_BLOCK_CAPTURE_AUTORELEASING = YES;
				CLANG_WARN_BOOL_CONVERSION = YES;
				CLANG_WARN_COMMA = YES;
				CLANG_WARN_CONSTANT_CONVERSION = YES;
				CLANG_WARN_DEPRECATED_OBJC_IMPLEMENTATIONS = YES;
				CLANG_WARN_DIRECT_OBJC_ISA_USAGE = YES_ERROR;
				CLANG_WARN_DOCUMENTATION_COMMENTS = YES;
				CLANG_WARN_EMPTY_BODY = YES;
				CLANG_WARN_ENUM_CONVERSION = YES;
				CLANG_WARN_INFINITE_RECURSION = YES;
				CLANG_WARN_INT_CONVERSION = YES;
				CLANG_WARN_NON_LITERAL_NULL_CONVERSION = YES;
				CLANG_WARN_OBJC_IMPLICIT_RETAIN_SELF = YES;
				CLANG_WARN_OBJC_LITERAL_CONVERSION = YES;
				CLANG_WARN_OBJC_ROOT_CLASS = YES_ERROR;
				CLANG_WARN_QUOTED_INCLUDE_IN_FRAMEWORK_HEADER = YES;
				CLANG_WARN_RANGE_LOOP_ANALYSIS = YES;
				CLANG_WARN_STRICT_PROTOTYPES = YES;
				CLANG_WARN_SUSPICIOUS_MOVE = YES;
				CLANG_WARN_UNGUARDED_AVAILABILITY = YES_AGGRESSIVE;
				CLANG_WARN_UNREACHABLE_CODE = YES;
				CLANG_WARN__DUPLICATE_METHOD_MATCH = YES;
				COPY_PHASE_STRIP = NO;
				DEBUG_INFORMATION_FORMAT = dwarf;
				ENABLE_STRICT_OBJC_MSGSEND = YES;
				ENABLE_TESTABILITY = YES;
				ENABLE_USER_SCRIPT_SANDBOXING = YES;
				GCC_C_LANGUAGE_STANDARD = gnu17;
				GCC_DYNAMIC_NO_PIC = NO;
				GCC_NO_COMMON_BLOCKS = YES;
				GCC_OPTIMIZATION_LEVEL = 0;
				GCC_PREPROCESSOR_DEFINITIONS = (
					"DEBUG=1",
					"$(inherited)",
				);
				GCC_WARN_64_TO_32_BIT_CONVERSION = YES;
				GCC_WARN_ABOUT_RETURN_TYPE = YES_ERROR;
				GCC_WARN_UNDECLARED_SELECTOR = YES;
				GCC_WARN_UNINITIALIZED_AUTOS = YES_AGGRESSIVE;
				GCC_WARN_UNUSED_FUNCTION = YES;
				GCC_WARN_UNUSED_VARIABLE = YES;
				IPHONEOS_DEPLOYMENT_TARGET = 17.2;
				LOCALIZATION_PREFERS_STRING_CATALOGS = YES;
				MTL_ENABLE_DEBUG_INFO = INCLUDE_SOURCE;
				MTL_FAST_MATH = YES;
				ONLY_ACTIVE_ARCH = YES;
				SDKROOT = iphoneos;
				SWIFT_ACTIVE_COMPILATION_CONDITIONS = "DEBUG $(inherited)";
				SWIFT_OPTIMIZATION_LEVEL = "-Onone";
			};
			name = Debug;
		};
		A2E6736B2BE2F00F0072F667 /* Release */ = {
			isa = XCBuildConfiguration;
			buildSettings = {
				ALWAYS_SEARCH_USER_PATHS = NO;
				ASSETCATALOG_COMPILER_GENERATE_SWIFT_ASSET_SYMBOL_EXTENSIONS = YES;
				CLANG_ANALYZER_NONNULL = YES;
				CLANG_ANALYZER_NUMBER_OBJECT_CONVERSION = YES_AGGRESSIVE;
				CLANG_CXX_LANGUAGE_STANDARD = "gnu++20";
				CLANG_ENABLE_MODULES = YES;
				CLANG_ENABLE_OBJC_ARC = YES;
				CLANG_ENABLE_OBJC_WEAK = YES;
				CLANG_WARN_BLOCK_CAPTURE_AUTORELEASING = YES;
				CLANG_WARN_BOOL_CONVERSION = YES;
				CLANG_WARN_COMMA = YES;
				CLANG_WARN_CONSTANT_CONVERSION = YES;
				CLANG_WARN_DEPRECATED_OBJC_IMPLEMENTATIONS = YES;
				CLANG_WARN_DIRECT_OBJC_ISA_USAGE = YES_ERROR;
				CLANG_WARN_DOCUMENTATION_COMMENTS = YES;
				CLANG_WARN_EMPTY_BODY = YES;
				CLANG_WARN_ENUM_CONVERSION = YES;
				CLANG_WARN_INFINITE_RECURSION = YES;
				CLANG_WARN_INT_CONVERSION = YES;
				CLANG_WARN_NON_LITERAL_NULL_CONVERSION = YES;
				CLANG_WARN_OBJC_IMPLICIT_RETAIN_SELF = YES;
				CLANG_WARN_OBJC_LITERAL_CONVERSION = YES;
				CLANG_WARN_OBJC_ROOT_CLASS = YES_ERROR;
				CLANG_WARN_QUOTED_INCLUDE_IN_FRAMEWORK_HEADER = YES;
				CLANG_WARN_RANGE_LOOP_ANALYSIS = YES;
				CLANG_WARN_STRICT_PROTOTYPES = YES;
				CLANG_WARN_SUSPICIOUS_MOVE = YES;
				CLANG_WARN_UNGUARDED_AVAILABILITY = YES_AGGRESSIVE;
				CLANG_WARN_UNREACHABLE_CODE = YES;
				CLANG_WARN__DUPLICATE_METHOD_MATCH = YES;
				COPY_PHASE_STRIP = NO;
				DEBUG_INFORMATION_FORMAT = "dwarf-with-dsym";
				ENABLE_NS_ASSERTIONS = NO;
				ENABLE_STRICT_OBJC_MSGSEND = YES;
				ENABLE_USER_SCRIPT_SANDBOXING = YES;
				GCC_C_LANGUAGE_STANDARD = gnu17;
				GCC_NO_COMMON_BLOCKS = YES;
				GCC_WARN_64_TO_32_BIT_CONVERSION = YES;
				GCC_WARN_ABOUT_RETURN_TYPE = YES_ERROR;
				GCC_WARN_UNDECLARED_SELECTOR = YES;
				GCC_WARN_UNINITIALIZED_AUTOS = YES_AGGRESSIVE;
				GCC_WARN_UNUSED_FUNCTION = YES;
				GCC_WARN_UNUSED_VARIABLE = YES;
				IPHONEOS_DEPLOYMENT_TARGET = 17.2;
				LOCALIZATION_PREFERS_STRING_CATALOGS = YES;
				MTL_ENABLE_DEBUG_INFO = NO;
				MTL_FAST_MATH = YES;
				SDKROOT = iphoneos;
				SWIFT_COMPILATION_MODE = wholemodule;
				VALIDATE_PRODUCT = YES;
			};
			name = Release;
		};
		A2E6736D2BE2F00F0072F667 /* Debug */ = {
			isa = XCBuildConfiguration;
			buildSettings = {
				ASSETCATALOG_COMPILER_APPICON_NAME = AppIcon;
				ASSETCATALOG_COMPILER_GLOBAL_ACCENT_COLOR_NAME = AccentColor;
				CODE_SIGN_STYLE = Automatic;
				CURRENT_PROJECT_VERSION = 1;
				DEVELOPMENT_TEAM = 6GY6SSRWWX;
				GENERATE_INFOPLIST_FILE = YES;
				INFOPLIST_FILE = "Invade-Task-VIPER/Info.plist";
				INFOPLIST_KEY_UIApplicationSupportsIndirectInputEvents = YES;
				INFOPLIST_KEY_UILaunchStoryboardName = LaunchScreen;
				INFOPLIST_KEY_UISupportedInterfaceOrientations = UIInterfaceOrientationPortrait;
				LD_RUNPATH_SEARCH_PATHS = (
					"$(inherited)",
					"@executable_path/Frameworks",
				);
				MARKETING_VERSION = 1.0;
				PRODUCT_BUNDLE_IDENTIFIER = "com.Menaim.Invade-Task-VIPER";
				PRODUCT_NAME = "$(TARGET_NAME)";
				SWIFT_EMIT_LOC_STRINGS = YES;
				SWIFT_VERSION = 5.0;
				TARGETED_DEVICE_FAMILY = "1,2";
			};
			name = Debug;
		};
		A2E6736E2BE2F00F0072F667 /* Release */ = {
			isa = XCBuildConfiguration;
			buildSettings = {
				ASSETCATALOG_COMPILER_APPICON_NAME = AppIcon;
				ASSETCATALOG_COMPILER_GLOBAL_ACCENT_COLOR_NAME = AccentColor;
				CODE_SIGN_STYLE = Automatic;
				CURRENT_PROJECT_VERSION = 1;
				DEVELOPMENT_TEAM = 6GY6SSRWWX;
				GENERATE_INFOPLIST_FILE = YES;
				INFOPLIST_FILE = "Invade-Task-VIPER/Info.plist";
				INFOPLIST_KEY_UIApplicationSupportsIndirectInputEvents = YES;
				INFOPLIST_KEY_UILaunchStoryboardName = LaunchScreen;
				INFOPLIST_KEY_UISupportedInterfaceOrientations = UIInterfaceOrientationPortrait;
				LD_RUNPATH_SEARCH_PATHS = (
					"$(inherited)",
					"@executable_path/Frameworks",
				);
				MARKETING_VERSION = 1.0;
				PRODUCT_BUNDLE_IDENTIFIER = "com.Menaim.Invade-Task-VIPER";
				PRODUCT_NAME = "$(TARGET_NAME)";
				SWIFT_EMIT_LOC_STRINGS = YES;
				SWIFT_VERSION = 5.0;
				TARGETED_DEVICE_FAMILY = "1,2";
			};
			name = Release;
		};
/* End XCBuildConfiguration section */

/* Begin XCConfigurationList section */
		A2E673532BE2F00E0072F667 /* Build configuration list for PBXProject "Invade-Task-VIPER" */ = {
			isa = XCConfigurationList;
			buildConfigurations = (
				A2E6736A2BE2F00F0072F667 /* Debug */,
				A2E6736B2BE2F00F0072F667 /* Release */,
			);
			defaultConfigurationIsVisible = 0;
			defaultConfigurationName = Release;
		};
		A2E6736C2BE2F00F0072F667 /* Build configuration list for PBXNativeTarget "Invade-Task-VIPER" */ = {
			isa = XCConfigurationList;
			buildConfigurations = (
				A2E6736D2BE2F00F0072F667 /* Debug */,
				A2E6736E2BE2F00F0072F667 /* Release */,
			);
			defaultConfigurationIsVisible = 0;
			defaultConfigurationName = Release;
		};
/* End XCConfigurationList section */
	};
	rootObject = A2E673502BE2F00E0072F667 /* Project object */;
}
