// !$*UTF8*$!
{
	archiveVersion = 1;
	classes = {
	};
	objectVersion = 56;
	objects = {

/* Begin PBXBuildFile section */
		A2E6735C2BE2F00E0072F667 /* AppDelegate.swift in Sources */ = {isa = PBXBuildFile; fileRef = A2E6735B2BE2F00E0072F667 /* AppDelegate.swift */; };
		A2E6735E2BE2F00E0072F667 /* SceneDelegate.swift in Sources */ = {isa = PBXBuildFile; fileRef = A2E6735D2BE2F00E0072F667 /* SceneDelegate.swift */; };
		A2E673602BE2F00E0072F667 /* ViewController.swift in Sources */ = {isa = PBXBuildFile; fileRef = A2E6735F2BE2F00E0072F667 /* ViewController.swift */; };
		A2E673632BE2F00E0072F667 /* Main.storyboard in Resources */ = {isa = PBXBuildFile; fileRef = A2E673612BE2F00E0072F667 /* Main.storyboard */; };
		A2E673652BE2F00F0072F667 /* Assets.xcassets in Resources */ = {isa = PBXBuildFile; fileRef = A2E673642BE2F00F0072F667 /* Assets.xcassets */; };
		A2E673682BE2F00F0072F667 /* LaunchScreen.storyboard in Resources */ = {isa = PBXBuildFile; fileRef = A2E673662BE2F00F0072F667 /* LaunchScreen.storyboard */; };
		A2E673712BE2F0C50072F667 /* BaseAPIRequest.swift in Sources */ = {isa = PBXBuildFile; fileRef = A2E673702BE2F0C50072F667 /* BaseAPIRequest.swift */; };
		A2E673732BE2F0D80072F667 /* APIRequestConfiguration.swift in Sources */ = {isa = PBXBuildFile; fileRef = A2E673722BE2F0D80072F667 /* APIRequestConfiguration.swift */; };
		A2E673762BE2F1A70072F667 /* Dictionary+Extensions.swift in Sources */ = {isa = PBXBuildFile; fileRef = A2E673752BE2F1A70072F667 /* Dictionary+Extensions.swift */; };
		A2E673782BE2F2D20072F667 /* BaseAPIClient.swift in Sources */ = {isa = PBXBuildFile; fileRef = A2E673772BE2F2D20072F667 /* BaseAPIClient.swift */; };
		A2E6737A2BE2F8720072F667 /* SessionDataTaskError.swift in Sources */ = {isa = PBXBuildFile; fileRef = A2E673792BE2F8720072F667 /* SessionDataTaskError.swift */; };
/* End PBXBuildFile section */

/* Begin PBXFileReference section */
		A2E673582BE2F00E0072F667 /* Invade-Task-VIPER.app */ = {isa = PBXFileReference; explicitFileType = wrapper.application; includeInIndex = 0; path = "Invade-Task-VIPER.app"; sourceTree = BUILT_PRODUCTS_DIR; };
		A2E6735B2BE2F00E0072F667 /* AppDelegate.swift */ = {isa = PBXFileReference; lastKnownFileType = sourcecode.swift; path = AppDelegate.swift; sourceTree = "<group>"; };
		A2E6735D2BE2F00E0072F667 /* SceneDelegate.swift */ = {isa = PBXFileReference; lastKnownFileType = sourcecode.swift; path = SceneDelegate.swift; sourceTree = "<group>"; };
		A2E6735F2BE2F00E0072F667 /* ViewController.swift */ = {isa = PBXFileReference; lastKnownFileType = sourcecode.swift; path = ViewController.swift; sourceTree = "<group>"; };
		A2E673622BE2F00E0072F667 /* Base */ = {isa = PBXFileReference; lastKnownFileType = file.storyboard; name = Base; path = Base.lproj/Main.storyboard; sourceTree = "<group>"; };
		A2E673642BE2F00F0072F667 /* Assets.xcassets */ = {isa = PBXFileReference; lastKnownFileType = folder.assetcatalog; path = Assets.xcassets; sourceTree = "<group>"; };
		A2E673672BE2F00F0072F667 /* Base */ = {isa = PBXFileReference; lastKnownFileType = file.storyboard; name = Base; path = Base.lproj/LaunchScreen.storyboard; sourceTree = "<group>"; };
		A2E673692BE2F00F0072F667 /* Info.plist */ = {isa = PBXFileReference; lastKnownFileType = text.plist.xml; path = Info.plist; sourceTree = "<group>"; };
		A2E673702BE2F0C50072F667 /* BaseAPIRequest.swift */ = {isa = PBXFileReference; lastKnownFileType = sourcecode.swift; path = BaseAPIRequest.swift; sourceTree = "<group>"; };
		A2E673722BE2F0D80072F667 /* APIRequestConfiguration.swift */ = {isa = PBXFileReference; lastKnownFileType = sourcecode.swift; path = APIRequestConfiguration.swift; sourceTree = "<group>"; };
		A2E673752BE2F1A70072F667 /* Dictionary+Extensions.swift */ = {isa = PBXFileReference; lastKnownFileType = sourcecode.swift; path = "Dictionary+Extensions.swift"; sourceTree = "<group>"; };
		A2E673772BE2F2D20072F667 /* BaseAPIClient.swift */ = {isa = PBXFileReference; lastKnownFileType = sourcecode.swift; path = BaseAPIClient.swift; sourceTree = "<group>"; };
		A2E673792BE2F8720072F667 /* SessionDataTaskError.swift */ = {isa = PBXFileReference; lastKnownFileType = sourcecode.swift; path = SessionDataTaskError.swift; sourceTree = "<group>"; };
/* End PBXFileReference section */

/* Begin PBXFrameworksBuildPhase section */
		A2E673552BE2F00E0072F667 /* Frameworks */ = {
			isa = PBXFrameworksBuildPhase;
			buildActionMask = 2147483647;
			files = (
			);
			runOnlyForDeploymentPostprocessing = 0;
		};
/* End PBXFrameworksBuildPhase section */

/* Begin PBXGroup section */
		A2E6734F2BE2F00E0072F667 = {
			isa = PBXGroup;
			children = (
				A2E6735A2BE2F00E0072F667 /* Invade-Task-VIPER */,
				A2E673592BE2F00E0072F667 /* Products */,
			);
			sourceTree = "<group>";
		};
		A2E673592BE2F00E0072F667 /* Products */ = {
			isa = PBXGroup;
			children = (
				A2E673582BE2F00E0072F667 /* Invade-Task-VIPER.app */,
			);
			name = Products;
			sourceTree = "<group>";
		};
		A2E6735A2BE2F00E0072F667 /* Invade-Task-VIPER */ = {
			isa = PBXGroup;
			children = (
				A2E6736F2BE2F0260072F667 /* Network */,
				A2E6735B2BE2F00E0072F667 /* AppDelegate.swift */,
				A2E6735D2BE2F00E0072F667 /* SceneDelegate.swift */,
				A2E6735F2BE2F00E0072F667 /* ViewController.swift */,
				A2E673612BE2F00E0072F667 /* Main.storyboard */,
				A2E673742BE2F1990072F667 /* Extensions */,
				A2E673642BE2F00F0072F667 /* Assets.xcassets */,
				A2E673662BE2F00F0072F667 /* LaunchScreen.storyboard */,
				A2E673692BE2F00F0072F667 /* Info.plist */,
			);
			path = "Invade-Task-VIPER";
			sourceTree = "<group>";
		};
		A2E6736F2BE2F0260072F667 /* Network */ = {
			isa = PBXGroup;
			children = (
				A2E6737B2BE2F8A90072F667 /* Base */,
				A2E6737C2BE2F8B50072F667 /* Configuration */,
				A2E6737D2BE2F8C00072F667 /* Errors */,
			);
			path = Network;
			sourceTree = "<group>";
		};
		A2E673742BE2F1990072F667 /* Extensions */ = {
			isa = PBXGroup;
			children = (
				A2E673752BE2F1A70072F667 /* Dictionary+Extensions.swift */,
			);
			path = Extensions;
			sourceTree = "<group>";
		};
		A2E6737B2BE2F8A90072F667 /* Base */ = {
			isa = PBXGroup;
			children = (
				A2E673702BE2F0C50072F667 /* BaseAPIRequest.swift */,
				A2E673772BE2F2D20072F667 /* BaseAPIClient.swift */,
			);
			path = Base;
			sourceTree = "<group>";
		};
		A2E6737C2BE2F8B50072F667 /* Configuration */ = {
			isa = PBXGroup;
			children = (
				A2E673722BE2F0D80072F667 /* APIRequestConfiguration.swift */,
			);
			path = Configuration;
			sourceTree = "<group>";
		};
		A2E6737D2BE2F8C00072F667 /* Errors */ = {
			isa = PBXGroup;
			children = (
				A2E673792BE2F8720072F667 /* SessionDataTaskError.swift */,
			);
			path = Errors;
			sourceTree = "<group>";
		};
/* End PBXGroup section */

/* Begin PBXNativeTarget section */
		A2E673572BE2F00E0072F667 /* Invade-Task-VIPER */ = {
			isa = PBXNativeTarget;
			buildConfigurationList = A2E6736C2BE2F00F0072F667 /* Build configuration list for PBXNativeTarget "Invade-Task-VIPER" */;
			buildPhases = (
				A2E673542BE2F00E0072F667 /* Sources */,
				A2E673552BE2F00E0072F667 /* Frameworks */,
				A2E673562BE2F00E0072F667 /* Resources */,
			);
			buildRules = (
			);
			dependencies = (
			);
			name = "Invade-Task-VIPER";
			productName = "Invade-Task-VIPER";
			productReference = A2E673582BE2F00E0072F667 /* Invade-Task-VIPER.app */;
			productType = "com.apple.product-type.application";
		};
/* End PBXNativeTarget section */

/* Begin PBXProject section */
		A2E673502BE2F00E0072F667 /* Project object */ = {
			isa = PBXProject;
			attributes = {
				BuildIndependentTargetsInParallel = 1;
				LastSwiftUpdateCheck = 1510;
				LastUpgradeCheck = 1510;
				TargetAttributes = {
					A2E673572BE2F00E0072F667 = {
						CreatedOnToolsVersion = 15.1;
					};
				};
			};
			buildConfigurationList = A2E673532BE2F00E0072F667 /* Build configuration list for PBXProject "Invade-Task-VIPER" */;
			compatibilityVersion = "Xcode 14.0";
			developmentRegion = en;
			hasScannedForEncodings = 0;
			knownRegions = (
				en,
				Base,
			);
			mainGroup = A2E6734F2BE2F00E0072F667;
			productRefGroup = A2E673592BE2F00E0072F667 /* Products */;
			projectDirPath = "";
			projectRoot = "";
			targets = (
				A2E673572BE2F00E0072F667 /* Invade-Task-VIPER */,
			);
		};
/* End PBXProject section */

/* Begin PBXResourcesBuildPhase section */
		A2E673562BE2F00E0072F667 /* Resources */ = {
			isa = PBXResourcesBuildPhase;
			buildActionMask = 2147483647;
			files = (
				A2E673682BE2F00F0072F667 /* LaunchScreen.storyboard in Resources */,
				A2E673652BE2F00F0072F667 /* Assets.xcassets in Resources */,
				A2E673632BE2F00E0072F667 /* Main.storyboard in Resources */,
			);
			runOnlyForDeploymentPostprocessing = 0;
		};
/* End PBXResourcesBuildPhase section */

/* Begin PBXSourcesBuildPhase section */
		A2E673542BE2F00E0072F667 /* Sources */ = {
			isa = PBXSourcesBuildPhase;
			buildActionMask = 2147483647;
			files = (
				A2E6737A2BE2F8720072F667 /* SessionDataTaskError.swift in Sources */,
				A2E673602BE2F00E0072F667 /* ViewController.swift in Sources */,
				A2E673712BE2F0C50072F667 /* BaseAPIRequest.swift in Sources */,
				A2E673782BE2F2D20072F667 /* BaseAPIClient.swift in Sources */,
				A2E673732BE2F0D80072F667 /* APIRequestConfiguration.swift in Sources */,
				A2E6735C2BE2F00E0072F667 /* AppDelegate.swift in Sources */,
				A2E6735E2BE2F00E0072F667 /* SceneDelegate.swift in Sources */,
				A2E673762BE2F1A70072F667 /* Dictionary+Extensions.swift in Sources */,
			);
			runOnlyForDeploymentPostprocessing = 0;
		};
/* End PBXSourcesBuildPhase section */

/* Begin PBXVariantGroup section */
		A2E673612BE2F00E0072F667 /* Main.storyboard */ = {
			isa = PBXVariantGroup;
			children = (
				A2E673622BE2F00E0072F667 /* Base */,
			);
			name = Main.storyboard;
			sourceTree = "<group>";
		};
		A2E673662BE2F00F0072F667 /* LaunchScreen.storyboard */ = {
			isa = PBXVariantGroup;
			children = (
				A2E673672BE2F00F0072F667 /* Base */,
			);
			name = LaunchScreen.storyboard;
			sourceTree = "<group>";
		};
/* End PBXVariantGroup section */

/* Begin XCBuildConfiguration section */
		A2E6736A2BE2F00F0072F667 /* Debug */ = {
			isa = XCBuildConfiguration;
			buildSettings = {
				ALWAYS_SEARCH_USER_PATHS = NO;
				ASSETCATALOG_COMPILER_GENERATE_SWIFT_ASSET_SYMBOL_EXTENSIONS = YES;
				CLANG_ANALYZER_NONNULL = YES;
				CLANG_ANALYZER_NUMBER_OBJECT_CONVERSION = YES_AGGRESSIVE;
				CLANG_CXX_LANGUAGE_STANDARD = "gnu++20";
				CLANG_ENABLE_MODULES = YES;
				CLANG_ENABLE_OBJC_ARC = YES;
				CLANG_ENABLE_OBJC_WEAK = YES;
				CLANG_WARN_BLOCK_CAPTURE_AUTORELEASING = YES;
				CLANG_WARN_BOOL_CONVERSION = YES;
				CLANG_WARN_COMMA = YES;
				CLANG_WARN_CONSTANT_CONVERSION = YES;
				CLANG_WARN_DEPRECATED_OBJC_IMPLEMENTATIONS = YES;
				CLANG_WARN_DIRECT_OBJC_ISA_USAGE = YES_ERROR;
				CLANG_WARN_DOCUMENTATION_COMMENTS = YES;
				CLANG_WARN_EMPTY_BODY = YES;
				CLANG_WARN_ENUM_CONVERSION = YES;
				CLANG_WARN_INFINITE_RECURSION = YES;
				CLANG_WARN_INT_CONVERSION = YES;
				CLANG_WARN_NON_LITERAL_NULL_CONVERSION = YES;
				CLANG_WARN_OBJC_IMPLICIT_RETAIN_SELF = YES;
				CLANG_WARN_OBJC_LITERAL_CONVERSION = YES;
				CLANG_WARN_OBJC_ROOT_CLASS = YES_ERROR;
				CLANG_WARN_QUOTED_INCLUDE_IN_FRAMEWORK_HEADER = YES;
				CLANG_WARN_RANGE_LOOP_ANALYSIS = YES;
				CLANG_WARN_STRICT_PROTOTYPES = YES;
				CLANG_WARN_SUSPICIOUS_MOVE = YES;
				CLANG_WARN_UNGUARDED_AVAILABILITY = YES_AGGRESSIVE;
				CLANG_WARN_UNREACHABLE_CODE = YES;
				CLANG_WARN__DUPLICATE_METHOD_MATCH = YES;
				COPY_PHASE_STRIP = NO;
				DEBUG_INFORMATION_FORMAT = dwarf;
				ENABLE_STRICT_OBJC_MSGSEND = YES;
				ENABLE_TESTABILITY = YES;
				ENABLE_USER_SCRIPT_SANDBOXING = YES;
				GCC_C_LANGUAGE_STANDARD = gnu17;
				GCC_DYNAMIC_NO_PIC = NO;
				GCC_NO_COMMON_BLOCKS = YES;
				GCC_OPTIMIZATION_LEVEL = 0;
				GCC_PREPROCESSOR_DEFINITIONS = (
					"DEBUG=1",
					"$(inherited)",
				);
				GCC_WARN_64_TO_32_BIT_CONVERSION = YES;
				GCC_WARN_ABOUT_RETURN_TYPE = YES_ERROR;
				GCC_WARN_UNDECLARED_SELECTOR = YES;
				GCC_WARN_UNINITIALIZED_AUTOS = YES_AGGRESSIVE;
				GCC_WARN_UNUSED_FUNCTION = YES;
				GCC_WARN_UNUSED_VARIABLE = YES;
				IPHONEOS_DEPLOYMENT_TARGET = 17.2;
				LOCALIZATION_PREFERS_STRING_CATALOGS = YES;
				MTL_ENABLE_DEBUG_INFO = INCLUDE_SOURCE;
				MTL_FAST_MATH = YES;
				ONLY_ACTIVE_ARCH = YES;
				SDKROOT = iphoneos;
				SWIFT_ACTIVE_COMPILATION_CONDITIONS = "DEBUG $(inherited)";
				SWIFT_OPTIMIZATION_LEVEL = "-Onone";
			};
			name = Debug;
		};
		A2E6736B2BE2F00F0072F667 /* Release */ = {
			isa = XCBuildConfiguration;
			buildSettings = {
				ALWAYS_SEARCH_USER_PATHS = NO;
				ASSETCATALOG_COMPILER_GENERATE_SWIFT_ASSET_SYMBOL_EXTENSIONS = YES;
				CLANG_ANALYZER_NONNULL = YES;
				CLANG_ANALYZER_NUMBER_OBJECT_CONVERSION = YES_AGGRESSIVE;
				CLANG_CXX_LANGUAGE_STANDARD = "gnu++20";
				CLANG_ENABLE_MODULES = YES;
				CLANG_ENABLE_OBJC_ARC = YES;
				CLANG_ENABLE_OBJC_WEAK = YES;
				CLANG_WARN_BLOCK_CAPTURE_AUTORELEASING = YES;
				CLANG_WARN_BOOL_CONVERSION = YES;
				CLANG_WARN_COMMA = YES;
				CLANG_WARN_CONSTANT_CONVERSION = YES;
				CLANG_WARN_DEPRECATED_OBJC_IMPLEMENTATIONS = YES;
				CLANG_WARN_DIRECT_OBJC_ISA_USAGE = YES_ERROR;
				CLANG_WARN_DOCUMENTATION_COMMENTS = YES;
				CLANG_WARN_EMPTY_BODY = YES;
				CLANG_WARN_ENUM_CONVERSION = YES;
				CLANG_WARN_INFINITE_RECURSION = YES;
				CLANG_WARN_INT_CONVERSION = YES;
				CLANG_WARN_NON_LITERAL_NULL_CONVERSION = YES;
				CLANG_WARN_OBJC_IMPLICIT_RETAIN_SELF = YES;
				CLANG_WARN_OBJC_LITERAL_CONVERSION = YES;
				CLANG_WARN_OBJC_ROOT_CLASS = YES_ERROR;
				CLANG_WARN_QUOTED_INCLUDE_IN_FRAMEWORK_HEADER = YES;
				CLANG_WARN_RANGE_LOOP_ANALYSIS = YES;
				CLANG_WARN_STRICT_PROTOTYPES = YES;
				CLANG_WARN_SUSPICIOUS_MOVE = YES;
				CLANG_WARN_UNGUARDED_AVAILABILITY = YES_AGGRESSIVE;
				CLANG_WARN_UNREACHABLE_CODE = YES;
				CLANG_WARN__DUPLICATE_METHOD_MATCH = YES;
				COPY_PHASE_STRIP = NO;
				DEBUG_INFORMATION_FORMAT = "dwarf-with-dsym";
				ENABLE_NS_ASSERTIONS = NO;
				ENABLE_STRICT_OBJC_MSGSEND = YES;
				ENABLE_USER_SCRIPT_SANDBOXING = YES;
				GCC_C_LANGUAGE_STANDARD = gnu17;
				GCC_NO_COMMON_BLOCKS = YES;
				GCC_WARN_64_TO_32_BIT_CONVERSION = YES;
				GCC_WARN_ABOUT_RETURN_TYPE = YES_ERROR;
				GCC_WARN_UNDECLARED_SELECTOR = YES;
				GCC_WARN_UNINITIALIZED_AUTOS = YES_AGGRESSIVE;
				GCC_WARN_UNUSED_FUNCTION = YES;
				GCC_WARN_UNUSED_VARIABLE = YES;
				IPHONEOS_DEPLOYMENT_TARGET = 17.2;
				LOCALIZATION_PREFERS_STRING_CATALOGS = YES;
				MTL_ENABLE_DEBUG_INFO = NO;
				MTL_FAST_MATH = YES;
				SDKROOT = iphoneos;
				SWIFT_COMPILATION_MODE = wholemodule;
				VALIDATE_PRODUCT = YES;
			};
			name = Release;
		};
		A2E6736D2BE2F00F0072F667 /* Debug */ = {
			isa = XCBuildConfiguration;
			buildSettings = {
				ASSETCATALOG_COMPILER_APPICON_NAME = AppIcon;
				ASSETCATALOG_COMPILER_GLOBAL_ACCENT_COLOR_NAME = AccentColor;
				CODE_SIGN_STYLE = Automatic;
				CURRENT_PROJECT_VERSION = 1;
				DEVELOPMENT_TEAM = 6GY6SSRWWX;
				GENERATE_INFOPLIST_FILE = YES;
				INFOPLIST_FILE = "Invade-Task-VIPER/Info.plist";
				INFOPLIST_KEY_UIApplicationSupportsIndirectInputEvents = YES;
				INFOPLIST_KEY_UILaunchStoryboardName = LaunchScreen;
				INFOPLIST_KEY_UIMainStoryboardFile = Main;
				INFOPLIST_KEY_UISupportedInterfaceOrientations_iPad = "UIInterfaceOrientationPortrait UIInterfaceOrientationPortraitUpsideDown UIInterfaceOrientationLandscapeLeft UIInterfaceOrientationLandscapeRight";
				INFOPLIST_KEY_UISupportedInterfaceOrientations_iPhone = "UIInterfaceOrientationPortrait UIInterfaceOrientationLandscapeLeft UIInterfaceOrientationLandscapeRight";
				LD_RUNPATH_SEARCH_PATHS = (
					"$(inherited)",
					"@executable_path/Frameworks",
				);
				MARKETING_VERSION = 1.0;
				PRODUCT_BUNDLE_IDENTIFIER = "com.Menaim.Invade-Task-VIPER";
				PRODUCT_NAME = "$(TARGET_NAME)";
				SWIFT_EMIT_LOC_STRINGS = YES;
				SWIFT_VERSION = 5.0;
				TARGETED_DEVICE_FAMILY = "1,2";
			};
			name = Debug;
		};
		A2E6736E2BE2F00F0072F667 /* Release */ = {
			isa = XCBuildConfiguration;
			buildSettings = {
				ASSETCATALOG_COMPILER_APPICON_NAME = AppIcon;
				ASSETCATALOG_COMPILER_GLOBAL_ACCENT_COLOR_NAME = AccentColor;
				CODE_SIGN_STYLE = Automatic;
				CURRENT_PROJECT_VERSION = 1;
				DEVELOPMENT_TEAM = 6GY6SSRWWX;
				GENERATE_INFOPLIST_FILE = YES;
				INFOPLIST_FILE = "Invade-Task-VIPER/Info.plist";
				INFOPLIST_KEY_UIApplicationSupportsIndirectInputEvents = YES;
				INFOPLIST_KEY_UILaunchStoryboardName = LaunchScreen;
				INFOPLIST_KEY_UIMainStoryboardFile = Main;
				INFOPLIST_KEY_UISupportedInterfaceOrientations_iPad = "UIInterfaceOrientationPortrait UIInterfaceOrientationPortraitUpsideDown UIInterfaceOrientationLandscapeLeft UIInterfaceOrientationLandscapeRight";
				INFOPLIST_KEY_UISupportedInterfaceOrientations_iPhone = "UIInterfaceOrientationPortrait UIInterfaceOrientationLandscapeLeft UIInterfaceOrientationLandscapeRight";
				LD_RUNPATH_SEARCH_PATHS = (
					"$(inherited)",
					"@executable_path/Frameworks",
				);
				MARKETING_VERSION = 1.0;
				PRODUCT_BUNDLE_IDENTIFIER = "com.Menaim.Invade-Task-VIPER";
				PRODUCT_NAME = "$(TARGET_NAME)";
				SWIFT_EMIT_LOC_STRINGS = YES;
				SWIFT_VERSION = 5.0;
				TARGETED_DEVICE_FAMILY = "1,2";
			};
			name = Release;
		};
/* End XCBuildConfiguration section */

/* Begin XCConfigurationList section */
		A2E673532BE2F00E0072F667 /* Build configuration list for PBXProject "Invade-Task-VIPER" */ = {
			isa = XCConfigurationList;
			buildConfigurations = (
				A2E6736A2BE2F00F0072F667 /* Debug */,
				A2E6736B2BE2F00F0072F667 /* Release */,
			);
			defaultConfigurationIsVisible = 0;
			defaultConfigurationName = Release;
		};
		A2E6736C2BE2F00F0072F667 /* Build configuration list for PBXNativeTarget "Invade-Task-VIPER" */ = {
			isa = XCConfigurationList;
			buildConfigurations = (
				A2E6736D2BE2F00F0072F667 /* Debug */,
				A2E6736E2BE2F00F0072F667 /* Release */,
			);
			defaultConfigurationIsVisible = 0;
			defaultConfigurationName = Release;
		};
/* End XCConfigurationList section */
	};
	rootObject = A2E673502BE2F00E0072F667 /* Project object */;
}
